<Solution>
  <Folder Name="/Demo/">
    <Project Path="Demo/MediaDevicesDemo/MediaDevicesDemo.csproj" Id="936fddca-f193-478d-85e8-8e834e93b77f" />
    <Project Path="Demo/MediaDevicesDemoOld/MediaDevicesDemoOld.csproj" />
    <Project Path="Demo/PictureImport/PictureImport.csproj" />
  </Folder>
  <Folder Name="/Externals/">
    <Project Path="../AvaloniaToolbox/Src/AvaloniaToolbox100/AvaloniaToolbox100.csproj" />
    <Project Path="../AvaloniaToolbox/Src/AvaloniaToolboxShare/AvaloniaToolboxShare.shproj" Id="2fb9ec73-8eeb-4be8-8c31-a3571a8bf9b5" />
  </Folder>
  <Folder Name="/Generator/">
    <Project Path="Generator/FindGenerator/FindGenerator.csproj" />
    <Project Path="Generator/GeneratorLibraryShare/GeneratorLibraryShare.shproj" Id="dca7dd44-310c-48bd-bc75-c4203d5c3200" />
    <Project Path="Generator/WPDGenerator/WPDGenerator.csproj" Id="1b2bfb76-e9d1-43ec-87c0-3e894c81c24f" />
  </Folder>
  <Folder Name="/Src/">
    <Project Path="Src/MediaDevices100/MediaDevices100.csproj" />
    <Project Path="Src/MediaDevices80/MediaDevices80.csproj" />
    <Project Path="Src/MediaDevices90/MediaDevices90.csproj" />
    <Project Path="Src/MediaDevicesShare/MediaDevicesShare.shproj" />
  </Folder>
  <Folder Name="/Test/">
    <Project Path="Test/MediaDevicesUnitTest100/MediaDevicesUnitTest100.csproj" />
    <Project Path="Test/MediaDevicesUnitTest80/MediaDevicesUnitTest80.csproj" />
    <Project Path="Test/MediaDevicesUnitTest90/MediaDevicesUnitTest90.csproj" />
    <Project Path="Test/MediaDevicesUnitTestShare/MediaDevicesUnitTestShare.shproj" />
  </Folder>
</Solution>
