<Solution>
  <Folder Name="/Demo/" />
  <Folder Name="/Generator/">
    <Project Path="Generator/GeneratorLibraryShare/GeneratorLibraryShare.shproj" Id="dca7dd44-310c-48bd-bc75-c4203d5c3200" />
    <Project Path="Generator/FindGenerator/FindGenerator.csproj" />
    <Project Path="Generator/WPDGenerator/WPDGenerator.csproj" Id="1b2bfb76-e9d1-43ec-87c0-3e894c81c24f" />
  </Folder>
  <Folder Name="/Src/">
    <Project Path="Src/MediaDevices100/MediaDevices100.csproj" />
    <Project Path="Src/MediaDevices80/MediaDevices80.csproj" />
    <Project Path="Src/MediaDevices90/MediaDevices90.csproj" />
    <Project Path="Src/MediaDevicesShare/MediaDevicesShare.shproj" />
  </Folder>
  <Folder Name="/Test/">
    <Project Path="Test/MediaDevicesUnitTest100/MediaDevicesUnitTest100.csproj" />
    <Project Path="Test/MediaDevicesUnitTest80/MediaDevicesUnitTest80.csproj" />
    <Project Path="Test/MediaDevicesUnitTest90/MediaDevicesUnitTest90.csproj" />
    <Project Path="Test/MediaDevicesUnitTestShare/MediaDevicesUnitTestShare.shproj" />
  </Folder>
</Solution>
