
Microsoft Visual Studio Solution File, Format Version 12.00
# Visual Studio 14
VisualStudioVersion = 14.0.25420.1
MinimumVisualStudioVersion = 10.0.40219.1
Project("{FAE04EC0-301F-11D3-BF4B-00C04F79EFBC}") = "MediaDevices", "MediaDevices\MediaDevices.csproj", "{E5353CB2-1320-4E96-A15E-551BA0B51105}"
EndProject
Project("{7CF6DF6D-3B04-46F8-A40B-537D21BCA0B4}") = "MediaDevicesDoc", "MediaDevicesDoc\MediaDevicesDoc.shfbproj", "{15DBA1E6-2C21-40AC-BD19-67926C3442AC}"
	ProjectSection(ProjectDependencies) = postProject
		{E5353CB2-1320-4E96-A15E-551BA0B51105} = {E5353CB2-1320-4E96-A15E-551BA0B51105}
	EndProjectSection
EndProject
Project("{FAE04EC0-301F-11D3-BF4B-00C04F79EFBC}") = "MediaDevicesUnitTest", "MediaDevicesUnitTest\MediaDevicesUnitTest.csproj", "{068A3C3C-99B6-4CDF-9DCA-DAAE229B8615}"
EndProject
Global
	GlobalSection(SolutionConfigurationPlatforms) = preSolution
		Debug|Any CPU = Debug|Any CPU
		Release|Any CPU = Release|Any CPU
	EndGlobalSection
	GlobalSection(ProjectConfigurationPlatforms) = postSolution
		{E5353CB2-1320-4E96-A15E-551BA0B51105}.Debug|Any CPU.ActiveCfg = Debug|Any CPU
		{E5353CB2-1320-4E96-A15E-551BA0B51105}.Debug|Any CPU.Build.0 = Debug|Any CPU
		{E5353CB2-1320-4E96-A15E-551BA0B51105}.Release|Any CPU.ActiveCfg = Release|Any CPU
		{E5353CB2-1320-4E96-A15E-551BA0B51105}.Release|Any CPU.Build.0 = Release|Any CPU
		{15DBA1E6-2C21-40AC-BD19-67926C3442AC}.Debug|Any CPU.ActiveCfg = Debug|Any CPU
		{15DBA1E6-2C21-40AC-BD19-67926C3442AC}.Release|Any CPU.ActiveCfg = Release|Any CPU
		{15DBA1E6-2C21-40AC-BD19-67926C3442AC}.Release|Any CPU.Build.0 = Release|Any CPU
		{068A3C3C-99B6-4CDF-9DCA-DAAE229B8615}.Debug|Any CPU.ActiveCfg = Debug|Any CPU
		{068A3C3C-99B6-4CDF-9DCA-DAAE229B8615}.Debug|Any CPU.Build.0 = Debug|Any CPU
		{068A3C3C-99B6-4CDF-9DCA-DAAE229B8615}.Release|Any CPU.ActiveCfg = Release|Any CPU
		{068A3C3C-99B6-4CDF-9DCA-DAAE229B8615}.Release|Any CPU.Build.0 = Release|Any CPU
	EndGlobalSection
	GlobalSection(SolutionProperties) = preSolution
		HideSolutionNode = FALSE
	EndGlobalSection
EndGlobal
