
Microsoft Visual Studio Solution File, Format Version 12.00
# Visual Studio Version 16
VisualStudioVersion = 16.0.31702.278
MinimumVisualStudioVersion = 10.0.40219.1
Project("{D954291E-2A0B-460D-934E-DC6B0785DB48}") = "MediaDevicesShare", "Src\MediaDevicesShare\MediaDevicesShare.shproj", "{8C6734B5-5BBB-413E-A5F2-FC7E6AAFFCE7}"
EndProject
Project("{D954291E-2A0B-460D-934E-DC6B0785DB48}") = "MediaDevicesAppShare", "Demo\Demo Share\MediaDevicesAppShare\MediaDevicesAppShare.shproj", "{C30EB5AB-6DCF-4537-AAF9-5B8A5E425C15}"
EndProject
Project("{D954291E-2A0B-460D-934E-DC6B0785DB48}") = "ExplorerShare", "Demo\Demo Share\ExplorerShare\ExplorerShare.shproj", "{E07F1AAE-B9EA-4A87-AC61-D5B71B7C3042}"
EndProject
Project("{2150E333-8FDC-42A3-9474-1A3956D46DE8}") = "Demo", "Demo", "{EBBE8DFF-10F4-41C1-8456-9188F8038EC0}"
EndProject
Project("{2150E333-8FDC-42A3-9474-1A3956D46DE8}") = "Test", "Test", "{02F542E8-E2BD-4070-812E-646CA9219E52}"
EndProject
Project("{D954291E-2A0B-460D-934E-DC6B0785DB48}") = "MediaDevicesUnitTestShare", "Test\MediaDevicesUnitTestShare\MediaDevicesUnitTestShare.shproj", "{BFAC062B-2224-48AF-B45E-158F8D21927F}"
EndProject
Project("{2150E333-8FDC-42A3-9474-1A3956D46DE8}") = "Src", "Src", "{12682F58-306A-4F67-8850-BF67BDA26D46}"
EndProject
Project("{2150E333-8FDC-42A3-9474-1A3956D46DE8}") = "Doc", "Doc", "{B289D6A2-35CA-48C7-A5AD-609989221D04}"
EndProject
Project("{9A19103F-16F7-4668-BE54-9A1E7A4F7556}") = "MediaDevicesCore31", "Src\MediaDevicesCore31\MediaDevicesCore31.csproj", "{088844C9-C8DE-45A6-87CE-EC2AF3E0651F}"
EndProject
Project("{9A19103F-16F7-4668-BE54-9A1E7A4F7556}") = "MediaDevicesCore21", "Src\MediaDevicesCore21\MediaDevicesCore21.csproj", "{BFD71CDA-1494-4F58-A482-43FA255FE227}"
EndProject
Project("{9A19103F-16F7-4668-BE54-9A1E7A4F7556}") = "MediaDevices50", "Src\MediaDevices50\MediaDevices50.csproj", "{F17A64CB-92AB-434E-B03D-A5CA95A3A9DF}"
EndProject
Project("{9A19103F-16F7-4668-BE54-9A1E7A4F7556}") = "MediaDevicesUnitTestCore31", "Test\MediaDevicesUnitTestCore31\MediaDevicesUnitTestCore31.csproj", "{3E568355-4B11-4725-8646-8485EBB0348A}"
EndProject
Project("{9A19103F-16F7-4668-BE54-9A1E7A4F7556}") = "MediaDevicesUnitTestCore21", "Test\MediaDevicesUnitTestCore21\MediaDevicesUnitTestCore21.csproj", "{06026362-283D-4FE0-B077-67F5882080F5}"
EndProject
Project("{9A19103F-16F7-4668-BE54-9A1E7A4F7556}") = "MediaDevicesUnitTest50", "Test\MediaDevicesUnitTest50\MediaDevicesUnitTest50.csproj", "{D2BAA763-B535-4DF3-9A53-866347AA6D34}"
EndProject
Project("{9A19103F-16F7-4668-BE54-9A1E7A4F7556}") = "MediaDevices60", "Src\MediaDevices60\MediaDevices60.csproj", "{80839F34-A394-4059-AF98-A58D1E20F0F8}"
EndProject
Project("{9A19103F-16F7-4668-BE54-9A1E7A4F7556}") = "MediaDevicesUnitTest60", "Test\MediaDevicesUnitTest60\MediaDevicesUnitTest60.csproj", "{C23A9B66-AA03-43A3-8D98-C111D92758CB}"
EndProject
Project("{9A19103F-16F7-4668-BE54-9A1E7A4F7556}") = "MediaDevicesAppCore31", "Demo\Demo .NET Core 3.1\MediaDevicesAppCore31\MediaDevicesAppCore31.csproj", "{86E3B9C8-CFF8-4F91-8FFD-7CA48FE08142}"
EndProject
Project("{9A19103F-16F7-4668-BE54-9A1E7A4F7556}") = "MediaDevicesApp50", "Demo\Demo .NET 5.0\MediaDevicesApp50\MediaDevicesApp50.csproj", "{7208A4A3-1BA6-419F-878A-4F4724102D1A}"
EndProject
Project("{9A19103F-16F7-4668-BE54-9A1E7A4F7556}") = "MediaDevicesApp60", "Demo\Demo .NET 6.0\MediaDevicesApp60\MediaDevicesApp60.csproj", "{A3924547-E9B3-4A13-9272-4145938EAB18}"
EndProject
Project("{9A19103F-16F7-4668-BE54-9A1E7A4F7556}") = "ExplorerCore31", "Demo\Demo .NET Core 3.1\ExplorerCore31\ExplorerCore31.csproj", "{1C7C38CD-CFE3-4841-95A2-73BA10DCDB68}"
EndProject
Project("{9A19103F-16F7-4668-BE54-9A1E7A4F7556}") = "Explorer60", "Demo\Demo .NET 6.0\Explorer60\Explorer60.csproj", "{70B950D6-FEA6-4B12-8A99-B594CF1576E3}"
EndProject
Project("{9A19103F-16F7-4668-BE54-9A1E7A4F7556}") = "Explorer50", "Demo\Demo .NET 5.0\Explorer50\Explorer50.csproj", "{D78818CC-4860-4071-AEB8-071167687B40}"
EndProject
Project("{2150E333-8FDC-42A3-9474-1A3956D46DE8}") = "Demo .NET 5.0", "Demo .NET 5.0", "{1E283223-B30F-4280-A3E4-D3BD0BCB552B}"
EndProject
Project("{2150E333-8FDC-42A3-9474-1A3956D46DE8}") = "Demo .NET 6.0", "Demo .NET 6.0", "{BBDF8FF9-81AA-460A-B4FD-17AD7B43624F}"
EndProject
Project("{2150E333-8FDC-42A3-9474-1A3956D46DE8}") = "Demo .NET Core 2.1", "Demo .NET Core 2.1", "{9003A416-2701-422C-A21E-2A23DB4A4661}"
EndProject
Project("{2150E333-8FDC-42A3-9474-1A3956D46DE8}") = "Demo .NET Core 3.1", "Demo .NET Core 3.1", "{65E14A04-CC0E-4457-8D56-6517580C5BC9}"
EndProject
Project("{2150E333-8FDC-42A3-9474-1A3956D46DE8}") = "Demo Share", "Demo Share", "{05093302-3683-47D6-B1B6-B7669D8E18EE}"
EndProject
Project("{FAE04EC0-301F-11D3-BF4B-00C04F79EFBC}") = "MediaDevicesFramework48", "Src\MediaDevicesFramework48\MediaDevicesFramework48.csproj", "{6004FB9F-B22E-423E-B3C7-CAFD3BD5DABB}"
EndProject
Global
	GlobalSection(SharedMSBuildProjectFiles) = preSolution
		Test\MediaDevicesUnitTestShare\MediaDevicesUnitTestShare.projitems*{06026362-283d-4fe0-b077-67f5882080f5}*SharedItemsImports = 5
		Src\MediaDevicesShare\MediaDevicesShare.projitems*{088844c9-c8de-45a6-87ce-ec2af3e0651f}*SharedItemsImports = 5
		Demo\Demo Share\ExplorerShare\ExplorerShare.projitems*{1c7c38cd-cfe3-4841-95a2-73ba10dcdb68}*SharedItemsImports = 5
		Test\MediaDevicesUnitTestShare\MediaDevicesUnitTestShare.projitems*{3e568355-4b11-4725-8646-8485ebb0348a}*SharedItemsImports = 5
		Src\MediaDevicesShare\MediaDevicesShare.projitems*{6004fb9f-b22e-423e-b3c7-cafd3bd5dabb}*SharedItemsImports = 4
		Demo\Demo Share\ExplorerShare\ExplorerShare.projitems*{70b950d6-fea6-4b12-8a99-b594cf1576e3}*SharedItemsImports = 5
		Demo\Demo Share\MediaDevicesAppShare\MediaDevicesAppShare.projitems*{7208a4a3-1ba6-419f-878a-4f4724102d1a}*SharedItemsImports = 5
		Src\MediaDevicesShare\MediaDevicesShare.projitems*{80839f34-a394-4059-af98-a58d1e20f0f8}*SharedItemsImports = 5
		Demo\Demo Share\MediaDevicesAppShare\MediaDevicesAppShare.projitems*{86e3b9c8-cff8-4f91-8ffd-7ca48fe08142}*SharedItemsImports = 5
		Src\MediaDevicesShare\MediaDevicesShare.projitems*{8c6734b5-5bbb-413e-a5f2-fc7e6aaffce7}*SharedItemsImports = 13
		Demo\Demo Share\MediaDevicesAppShare\MediaDevicesAppShare.projitems*{a3924547-e9b3-4a13-9272-4145938eab18}*SharedItemsImports = 5
		Test\MediaDevicesUnitTestShare\MediaDevicesUnitTestShare.projitems*{bfac062b-2224-48af-b45e-158f8d21927f}*SharedItemsImports = 13
		Src\MediaDevicesShare\MediaDevicesShare.projitems*{bfd71cda-1494-4f58-a482-43fa255fe227}*SharedItemsImports = 5
		Test\MediaDevicesUnitTestShare\MediaDevicesUnitTestShare.projitems*{c23a9b66-aa03-43a3-8d98-c111d92758cb}*SharedItemsImports = 5
		Demo\Demo Share\MediaDevicesAppShare\MediaDevicesAppShare.projitems*{c30eb5ab-6dcf-4537-aaf9-5b8a5e425c15}*SharedItemsImports = 13
		Test\MediaDevicesUnitTestShare\MediaDevicesUnitTestShare.projitems*{d2baa763-b535-4df3-9a53-866347aa6d34}*SharedItemsImports = 5
		Demo\Demo Share\ExplorerShare\ExplorerShare.projitems*{d78818cc-4860-4071-aeb8-071167687b40}*SharedItemsImports = 5
		Demo\Demo Share\ExplorerShare\ExplorerShare.projitems*{e07f1aae-b9ea-4a87-ac61-d5b71b7c3042}*SharedItemsImports = 13
		Src\MediaDevicesShare\MediaDevicesShare.projitems*{f17a64cb-92ab-434e-b03d-a5ca95a3a9df}*SharedItemsImports = 5
	EndGlobalSection
	GlobalSection(SolutionConfigurationPlatforms) = preSolution
		Debug|Any CPU = Debug|Any CPU
		Debug|x64 = Debug|x64
		Debug|x86 = Debug|x86
		Release|Any CPU = Release|Any CPU
		Release|x64 = Release|x64
		Release|x86 = Release|x86
	EndGlobalSection
	GlobalSection(ProjectConfigurationPlatforms) = postSolution
		{088844C9-C8DE-45A6-87CE-EC2AF3E0651F}.Debug|Any CPU.ActiveCfg = Debug|Any CPU
		{088844C9-C8DE-45A6-87CE-EC2AF3E0651F}.Debug|Any CPU.Build.0 = Debug|Any CPU
		{088844C9-C8DE-45A6-87CE-EC2AF3E0651F}.Debug|x64.ActiveCfg = Debug|Any CPU
		{088844C9-C8DE-45A6-87CE-EC2AF3E0651F}.Debug|x64.Build.0 = Debug|Any CPU
		{088844C9-C8DE-45A6-87CE-EC2AF3E0651F}.Debug|x86.ActiveCfg = Debug|Any CPU
		{088844C9-C8DE-45A6-87CE-EC2AF3E0651F}.Debug|x86.Build.0 = Debug|Any CPU
		{088844C9-C8DE-45A6-87CE-EC2AF3E0651F}.Release|Any CPU.ActiveCfg = Release|Any CPU
		{088844C9-C8DE-45A6-87CE-EC2AF3E0651F}.Release|Any CPU.Build.0 = Release|Any CPU
		{088844C9-C8DE-45A6-87CE-EC2AF3E0651F}.Release|x64.ActiveCfg = Release|Any CPU
		{088844C9-C8DE-45A6-87CE-EC2AF3E0651F}.Release|x64.Build.0 = Release|Any CPU
		{088844C9-C8DE-45A6-87CE-EC2AF3E0651F}.Release|x86.ActiveCfg = Release|Any CPU
		{088844C9-C8DE-45A6-87CE-EC2AF3E0651F}.Release|x86.Build.0 = Release|Any CPU
		{BFD71CDA-1494-4F58-A482-43FA255FE227}.Debug|Any CPU.ActiveCfg = Debug|Any CPU
		{BFD71CDA-1494-4F58-A482-43FA255FE227}.Debug|Any CPU.Build.0 = Debug|Any CPU
		{BFD71CDA-1494-4F58-A482-43FA255FE227}.Debug|x64.ActiveCfg = Debug|Any CPU
		{BFD71CDA-1494-4F58-A482-43FA255FE227}.Debug|x64.Build.0 = Debug|Any CPU
		{BFD71CDA-1494-4F58-A482-43FA255FE227}.Debug|x86.ActiveCfg = Debug|Any CPU
		{BFD71CDA-1494-4F58-A482-43FA255FE227}.Debug|x86.Build.0 = Debug|Any CPU
		{BFD71CDA-1494-4F58-A482-43FA255FE227}.Release|Any CPU.ActiveCfg = Release|Any CPU
		{BFD71CDA-1494-4F58-A482-43FA255FE227}.Release|Any CPU.Build.0 = Release|Any CPU
		{BFD71CDA-1494-4F58-A482-43FA255FE227}.Release|x64.ActiveCfg = Release|Any CPU
		{BFD71CDA-1494-4F58-A482-43FA255FE227}.Release|x64.Build.0 = Release|Any CPU
		{BFD71CDA-1494-4F58-A482-43FA255FE227}.Release|x86.ActiveCfg = Release|Any CPU
		{BFD71CDA-1494-4F58-A482-43FA255FE227}.Release|x86.Build.0 = Release|Any CPU
		{F17A64CB-92AB-434E-B03D-A5CA95A3A9DF}.Debug|Any CPU.ActiveCfg = Debug|Any CPU
		{F17A64CB-92AB-434E-B03D-A5CA95A3A9DF}.Debug|Any CPU.Build.0 = Debug|Any CPU
		{F17A64CB-92AB-434E-B03D-A5CA95A3A9DF}.Debug|x64.ActiveCfg = Debug|Any CPU
		{F17A64CB-92AB-434E-B03D-A5CA95A3A9DF}.Debug|x64.Build.0 = Debug|Any CPU
		{F17A64CB-92AB-434E-B03D-A5CA95A3A9DF}.Debug|x86.ActiveCfg = Debug|Any CPU
		{F17A64CB-92AB-434E-B03D-A5CA95A3A9DF}.Debug|x86.Build.0 = Debug|Any CPU
		{F17A64CB-92AB-434E-B03D-A5CA95A3A9DF}.Release|Any CPU.ActiveCfg = Release|Any CPU
		{F17A64CB-92AB-434E-B03D-A5CA95A3A9DF}.Release|Any CPU.Build.0 = Release|Any CPU
		{F17A64CB-92AB-434E-B03D-A5CA95A3A9DF}.Release|x64.ActiveCfg = Release|Any CPU
		{F17A64CB-92AB-434E-B03D-A5CA95A3A9DF}.Release|x64.Build.0 = Release|Any CPU
		{F17A64CB-92AB-434E-B03D-A5CA95A3A9DF}.Release|x86.ActiveCfg = Release|Any CPU
		{F17A64CB-92AB-434E-B03D-A5CA95A3A9DF}.Release|x86.Build.0 = Release|Any CPU
		{3E568355-4B11-4725-8646-8485EBB0348A}.Debug|Any CPU.ActiveCfg = Debug|Any CPU
		{3E568355-4B11-4725-8646-8485EBB0348A}.Debug|Any CPU.Build.0 = Debug|Any CPU
		{3E568355-4B11-4725-8646-8485EBB0348A}.Debug|x64.ActiveCfg = Debug|Any CPU
		{3E568355-4B11-4725-8646-8485EBB0348A}.Debug|x64.Build.0 = Debug|Any CPU
		{3E568355-4B11-4725-8646-8485EBB0348A}.Debug|x86.ActiveCfg = Debug|Any CPU
		{3E568355-4B11-4725-8646-8485EBB0348A}.Debug|x86.Build.0 = Debug|Any CPU
		{3E568355-4B11-4725-8646-8485EBB0348A}.Release|Any CPU.ActiveCfg = Release|Any CPU
		{3E568355-4B11-4725-8646-8485EBB0348A}.Release|Any CPU.Build.0 = Release|Any CPU
		{3E568355-4B11-4725-8646-8485EBB0348A}.Release|x64.ActiveCfg = Release|Any CPU
		{3E568355-4B11-4725-8646-8485EBB0348A}.Release|x64.Build.0 = Release|Any CPU
		{3E568355-4B11-4725-8646-8485EBB0348A}.Release|x86.ActiveCfg = Release|Any CPU
		{3E568355-4B11-4725-8646-8485EBB0348A}.Release|x86.Build.0 = Release|Any CPU
		{06026362-283D-4FE0-B077-67F5882080F5}.Debug|Any CPU.ActiveCfg = Debug|Any CPU
		{06026362-283D-4FE0-B077-67F5882080F5}.Debug|Any CPU.Build.0 = Debug|Any CPU
		{06026362-283D-4FE0-B077-67F5882080F5}.Debug|x64.ActiveCfg = Debug|Any CPU
		{06026362-283D-4FE0-B077-67F5882080F5}.Debug|x64.Build.0 = Debug|Any CPU
		{06026362-283D-4FE0-B077-67F5882080F5}.Debug|x86.ActiveCfg = Debug|Any CPU
		{06026362-283D-4FE0-B077-67F5882080F5}.Debug|x86.Build.0 = Debug|Any CPU
		{06026362-283D-4FE0-B077-67F5882080F5}.Release|Any CPU.ActiveCfg = Release|Any CPU
		{06026362-283D-4FE0-B077-67F5882080F5}.Release|Any CPU.Build.0 = Release|Any CPU
		{06026362-283D-4FE0-B077-67F5882080F5}.Release|x64.ActiveCfg = Release|Any CPU
		{06026362-283D-4FE0-B077-67F5882080F5}.Release|x64.Build.0 = Release|Any CPU
		{06026362-283D-4FE0-B077-67F5882080F5}.Release|x86.ActiveCfg = Release|Any CPU
		{06026362-283D-4FE0-B077-67F5882080F5}.Release|x86.Build.0 = Release|Any CPU
		{D2BAA763-B535-4DF3-9A53-866347AA6D34}.Debug|Any CPU.ActiveCfg = Debug|Any CPU
		{D2BAA763-B535-4DF3-9A53-866347AA6D34}.Debug|Any CPU.Build.0 = Debug|Any CPU
		{D2BAA763-B535-4DF3-9A53-866347AA6D34}.Debug|x64.ActiveCfg = Debug|Any CPU
		{D2BAA763-B535-4DF3-9A53-866347AA6D34}.Debug|x64.Build.0 = Debug|Any CPU
		{D2BAA763-B535-4DF3-9A53-866347AA6D34}.Debug|x86.ActiveCfg = Debug|Any CPU
		{D2BAA763-B535-4DF3-9A53-866347AA6D34}.Debug|x86.Build.0 = Debug|Any CPU
		{D2BAA763-B535-4DF3-9A53-866347AA6D34}.Release|Any CPU.ActiveCfg = Release|Any CPU
		{D2BAA763-B535-4DF3-9A53-866347AA6D34}.Release|Any CPU.Build.0 = Release|Any CPU
		{D2BAA763-B535-4DF3-9A53-866347AA6D34}.Release|x64.ActiveCfg = Release|Any CPU
		{D2BAA763-B535-4DF3-9A53-866347AA6D34}.Release|x64.Build.0 = Release|Any CPU
		{D2BAA763-B535-4DF3-9A53-866347AA6D34}.Release|x86.ActiveCfg = Release|Any CPU
		{D2BAA763-B535-4DF3-9A53-866347AA6D34}.Release|x86.Build.0 = Release|Any CPU
		{80839F34-A394-4059-AF98-A58D1E20F0F8}.Debug|Any CPU.ActiveCfg = Debug|Any CPU
		{80839F34-A394-4059-AF98-A58D1E20F0F8}.Debug|Any CPU.Build.0 = Debug|Any CPU
		{80839F34-A394-4059-AF98-A58D1E20F0F8}.Debug|x64.ActiveCfg = Debug|Any CPU
		{80839F34-A394-4059-AF98-A58D1E20F0F8}.Debug|x64.Build.0 = Debug|Any CPU
		{80839F34-A394-4059-AF98-A58D1E20F0F8}.Debug|x86.ActiveCfg = Debug|Any CPU
		{80839F34-A394-4059-AF98-A58D1E20F0F8}.Debug|x86.Build.0 = Debug|Any CPU
		{80839F34-A394-4059-AF98-A58D1E20F0F8}.Release|Any CPU.ActiveCfg = Release|Any CPU
		{80839F34-A394-4059-AF98-A58D1E20F0F8}.Release|Any CPU.Build.0 = Release|Any CPU
		{80839F34-A394-4059-AF98-A58D1E20F0F8}.Release|x64.ActiveCfg = Release|Any CPU
		{80839F34-A394-4059-AF98-A58D1E20F0F8}.Release|x64.Build.0 = Release|Any CPU
		{80839F34-A394-4059-AF98-A58D1E20F0F8}.Release|x86.ActiveCfg = Release|Any CPU
		{80839F34-A394-4059-AF98-A58D1E20F0F8}.Release|x86.Build.0 = Release|Any CPU
		{C23A9B66-AA03-43A3-8D98-C111D92758CB}.Debug|Any CPU.ActiveCfg = Debug|Any CPU
		{C23A9B66-AA03-43A3-8D98-C111D92758CB}.Debug|Any CPU.Build.0 = Debug|Any CPU
		{C23A9B66-AA03-43A3-8D98-C111D92758CB}.Debug|x64.ActiveCfg = Debug|Any CPU
		{C23A9B66-AA03-43A3-8D98-C111D92758CB}.Debug|x64.Build.0 = Debug|Any CPU
		{C23A9B66-AA03-43A3-8D98-C111D92758CB}.Debug|x86.ActiveCfg = Debug|Any CPU
		{C23A9B66-AA03-43A3-8D98-C111D92758CB}.Debug|x86.Build.0 = Debug|Any CPU
		{C23A9B66-AA03-43A3-8D98-C111D92758CB}.Release|Any CPU.ActiveCfg = Release|Any CPU
		{C23A9B66-AA03-43A3-8D98-C111D92758CB}.Release|Any CPU.Build.0 = Release|Any CPU
		{C23A9B66-AA03-43A3-8D98-C111D92758CB}.Release|x64.ActiveCfg = Release|Any CPU
		{C23A9B66-AA03-43A3-8D98-C111D92758CB}.Release|x64.Build.0 = Release|Any CPU
		{C23A9B66-AA03-43A3-8D98-C111D92758CB}.Release|x86.ActiveCfg = Release|Any CPU
		{C23A9B66-AA03-43A3-8D98-C111D92758CB}.Release|x86.Build.0 = Release|Any CPU
		{86E3B9C8-CFF8-4F91-8FFD-7CA48FE08142}.Debug|Any CPU.ActiveCfg = Debug|Any CPU
		{86E3B9C8-CFF8-4F91-8FFD-7CA48FE08142}.Debug|Any CPU.Build.0 = Debug|Any CPU
		{86E3B9C8-CFF8-4F91-8FFD-7CA48FE08142}.Debug|x64.ActiveCfg = Debug|Any CPU
		{86E3B9C8-CFF8-4F91-8FFD-7CA48FE08142}.Debug|x64.Build.0 = Debug|Any CPU
		{86E3B9C8-CFF8-4F91-8FFD-7CA48FE08142}.Debug|x86.ActiveCfg = Debug|Any CPU
		{86E3B9C8-CFF8-4F91-8FFD-7CA48FE08142}.Debug|x86.Build.0 = Debug|Any CPU
		{86E3B9C8-CFF8-4F91-8FFD-7CA48FE08142}.Release|Any CPU.ActiveCfg = Release|Any CPU
		{86E3B9C8-CFF8-4F91-8FFD-7CA48FE08142}.Release|Any CPU.Build.0 = Release|Any CPU
		{86E3B9C8-CFF8-4F91-8FFD-7CA48FE08142}.Release|x64.ActiveCfg = Release|Any CPU
		{86E3B9C8-CFF8-4F91-8FFD-7CA48FE08142}.Release|x64.Build.0 = Release|Any CPU
		{86E3B9C8-CFF8-4F91-8FFD-7CA48FE08142}.Release|x86.ActiveCfg = Release|Any CPU
		{86E3B9C8-CFF8-4F91-8FFD-7CA48FE08142}.Release|x86.Build.0 = Release|Any CPU
		{7208A4A3-1BA6-419F-878A-4F4724102D1A}.Debug|Any CPU.ActiveCfg = Debug|Any CPU
		{7208A4A3-1BA6-419F-878A-4F4724102D1A}.Debug|Any CPU.Build.0 = Debug|Any CPU
		{7208A4A3-1BA6-419F-878A-4F4724102D1A}.Debug|x64.ActiveCfg = Debug|Any CPU
		{7208A4A3-1BA6-419F-878A-4F4724102D1A}.Debug|x64.Build.0 = Debug|Any CPU
		{7208A4A3-1BA6-419F-878A-4F4724102D1A}.Debug|x86.ActiveCfg = Debug|Any CPU
		{7208A4A3-1BA6-419F-878A-4F4724102D1A}.Debug|x86.Build.0 = Debug|Any CPU
		{7208A4A3-1BA6-419F-878A-4F4724102D1A}.Release|Any CPU.ActiveCfg = Release|Any CPU
		{7208A4A3-1BA6-419F-878A-4F4724102D1A}.Release|Any CPU.Build.0 = Release|Any CPU
		{7208A4A3-1BA6-419F-878A-4F4724102D1A}.Release|x64.ActiveCfg = Release|Any CPU
		{7208A4A3-1BA6-419F-878A-4F4724102D1A}.Release|x64.Build.0 = Release|Any CPU
		{7208A4A3-1BA6-419F-878A-4F4724102D1A}.Release|x86.ActiveCfg = Release|Any CPU
		{7208A4A3-1BA6-419F-878A-4F4724102D1A}.Release|x86.Build.0 = Release|Any CPU
		{A3924547-E9B3-4A13-9272-4145938EAB18}.Debug|Any CPU.ActiveCfg = Debug|Any CPU
		{A3924547-E9B3-4A13-9272-4145938EAB18}.Debug|Any CPU.Build.0 = Debug|Any CPU
		{A3924547-E9B3-4A13-9272-4145938EAB18}.Debug|x64.ActiveCfg = Debug|Any CPU
		{A3924547-E9B3-4A13-9272-4145938EAB18}.Debug|x64.Build.0 = Debug|Any CPU
		{A3924547-E9B3-4A13-9272-4145938EAB18}.Debug|x86.ActiveCfg = Debug|Any CPU
		{A3924547-E9B3-4A13-9272-4145938EAB18}.Debug|x86.Build.0 = Debug|Any CPU
		{A3924547-E9B3-4A13-9272-4145938EAB18}.Release|Any CPU.ActiveCfg = Release|Any CPU
		{A3924547-E9B3-4A13-9272-4145938EAB18}.Release|Any CPU.Build.0 = Release|Any CPU
		{A3924547-E9B3-4A13-9272-4145938EAB18}.Release|x64.ActiveCfg = Release|Any CPU
		{A3924547-E9B3-4A13-9272-4145938EAB18}.Release|x64.Build.0 = Release|Any CPU
		{A3924547-E9B3-4A13-9272-4145938EAB18}.Release|x86.ActiveCfg = Release|Any CPU
		{A3924547-E9B3-4A13-9272-4145938EAB18}.Release|x86.Build.0 = Release|Any CPU
		{1C7C38CD-CFE3-4841-95A2-73BA10DCDB68}.Debug|Any CPU.ActiveCfg = Debug|Any CPU
		{1C7C38CD-CFE3-4841-95A2-73BA10DCDB68}.Debug|Any CPU.Build.0 = Debug|Any CPU
		{1C7C38CD-CFE3-4841-95A2-73BA10DCDB68}.Debug|x64.ActiveCfg = Debug|Any CPU
		{1C7C38CD-CFE3-4841-95A2-73BA10DCDB68}.Debug|x64.Build.0 = Debug|Any CPU
		{1C7C38CD-CFE3-4841-95A2-73BA10DCDB68}.Debug|x86.ActiveCfg = Debug|Any CPU
		{1C7C38CD-CFE3-4841-95A2-73BA10DCDB68}.Debug|x86.Build.0 = Debug|Any CPU
		{1C7C38CD-CFE3-4841-95A2-73BA10DCDB68}.Release|Any CPU.ActiveCfg = Release|Any CPU
		{1C7C38CD-CFE3-4841-95A2-73BA10DCDB68}.Release|Any CPU.Build.0 = Release|Any CPU
		{1C7C38CD-CFE3-4841-95A2-73BA10DCDB68}.Release|x64.ActiveCfg = Release|Any CPU
		{1C7C38CD-CFE3-4841-95A2-73BA10DCDB68}.Release|x64.Build.0 = Release|Any CPU
		{1C7C38CD-CFE3-4841-95A2-73BA10DCDB68}.Release|x86.ActiveCfg = Release|Any CPU
		{1C7C38CD-CFE3-4841-95A2-73BA10DCDB68}.Release|x86.Build.0 = Release|Any CPU
		{70B950D6-FEA6-4B12-8A99-B594CF1576E3}.Debug|Any CPU.ActiveCfg = Debug|Any CPU
		{70B950D6-FEA6-4B12-8A99-B594CF1576E3}.Debug|Any CPU.Build.0 = Debug|Any CPU
		{70B950D6-FEA6-4B12-8A99-B594CF1576E3}.Debug|x64.ActiveCfg = Debug|Any CPU
		{70B950D6-FEA6-4B12-8A99-B594CF1576E3}.Debug|x64.Build.0 = Debug|Any CPU
		{70B950D6-FEA6-4B12-8A99-B594CF1576E3}.Debug|x86.ActiveCfg = Debug|Any CPU
		{70B950D6-FEA6-4B12-8A99-B594CF1576E3}.Debug|x86.Build.0 = Debug|Any CPU
		{70B950D6-FEA6-4B12-8A99-B594CF1576E3}.Release|Any CPU.ActiveCfg = Release|Any CPU
		{70B950D6-FEA6-4B12-8A99-B594CF1576E3}.Release|Any CPU.Build.0 = Release|Any CPU
		{70B950D6-FEA6-4B12-8A99-B594CF1576E3}.Release|x64.ActiveCfg = Release|Any CPU
		{70B950D6-FEA6-4B12-8A99-B594CF1576E3}.Release|x64.Build.0 = Release|Any CPU
		{70B950D6-FEA6-4B12-8A99-B594CF1576E3}.Release|x86.ActiveCfg = Release|Any CPU
		{70B950D6-FEA6-4B12-8A99-B594CF1576E3}.Release|x86.Build.0 = Release|Any CPU
		{D78818CC-4860-4071-AEB8-071167687B40}.Debug|Any CPU.ActiveCfg = Debug|Any CPU
		{D78818CC-4860-4071-AEB8-071167687B40}.Debug|Any CPU.Build.0 = Debug|Any CPU
		{D78818CC-4860-4071-AEB8-071167687B40}.Debug|x64.ActiveCfg = Debug|Any CPU
		{D78818CC-4860-4071-AEB8-071167687B40}.Debug|x64.Build.0 = Debug|Any CPU
		{D78818CC-4860-4071-AEB8-071167687B40}.Debug|x86.ActiveCfg = Debug|Any CPU
		{D78818CC-4860-4071-AEB8-071167687B40}.Debug|x86.Build.0 = Debug|Any CPU
		{D78818CC-4860-4071-AEB8-071167687B40}.Release|Any CPU.ActiveCfg = Release|Any CPU
		{D78818CC-4860-4071-AEB8-071167687B40}.Release|Any CPU.Build.0 = Release|Any CPU
		{D78818CC-4860-4071-AEB8-071167687B40}.Release|x64.ActiveCfg = Release|Any CPU
		{D78818CC-4860-4071-AEB8-071167687B40}.Release|x64.Build.0 = Release|Any CPU
		{D78818CC-4860-4071-AEB8-071167687B40}.Release|x86.ActiveCfg = Release|Any CPU
		{D78818CC-4860-4071-AEB8-071167687B40}.Release|x86.Build.0 = Release|Any CPU
		{6004FB9F-B22E-423E-B3C7-CAFD3BD5DABB}.Debug|Any CPU.ActiveCfg = Debug|Any CPU
		{6004FB9F-B22E-423E-B3C7-CAFD3BD5DABB}.Debug|Any CPU.Build.0 = Debug|Any CPU
		{6004FB9F-B22E-423E-B3C7-CAFD3BD5DABB}.Debug|x64.ActiveCfg = Debug|Any CPU
		{6004FB9F-B22E-423E-B3C7-CAFD3BD5DABB}.Debug|x64.Build.0 = Debug|Any CPU
		{6004FB9F-B22E-423E-B3C7-CAFD3BD5DABB}.Debug|x86.ActiveCfg = Debug|Any CPU
		{6004FB9F-B22E-423E-B3C7-CAFD3BD5DABB}.Debug|x86.Build.0 = Debug|Any CPU
		{6004FB9F-B22E-423E-B3C7-CAFD3BD5DABB}.Release|Any CPU.ActiveCfg = Release|Any CPU
		{6004FB9F-B22E-423E-B3C7-CAFD3BD5DABB}.Release|Any CPU.Build.0 = Release|Any CPU
		{6004FB9F-B22E-423E-B3C7-CAFD3BD5DABB}.Release|x64.ActiveCfg = Release|Any CPU
		{6004FB9F-B22E-423E-B3C7-CAFD3BD5DABB}.Release|x64.Build.0 = Release|Any CPU
		{6004FB9F-B22E-423E-B3C7-CAFD3BD5DABB}.Release|x86.ActiveCfg = Release|Any CPU
		{6004FB9F-B22E-423E-B3C7-CAFD3BD5DABB}.Release|x86.Build.0 = Release|Any CPU
	EndGlobalSection
	GlobalSection(SolutionProperties) = preSolution
		HideSolutionNode = FALSE
	EndGlobalSection
	GlobalSection(NestedProjects) = preSolution
		{8C6734B5-5BBB-413E-A5F2-FC7E6AAFFCE7} = {12682F58-306A-4F67-8850-BF67BDA26D46}
		{C30EB5AB-6DCF-4537-AAF9-5B8A5E425C15} = {05093302-3683-47D6-B1B6-B7669D8E18EE}
		{E07F1AAE-B9EA-4A87-AC61-D5B71B7C3042} = {05093302-3683-47D6-B1B6-B7669D8E18EE}
		{BFAC062B-2224-48AF-B45E-158F8D21927F} = {02F542E8-E2BD-4070-812E-646CA9219E52}
		{088844C9-C8DE-45A6-87CE-EC2AF3E0651F} = {12682F58-306A-4F67-8850-BF67BDA26D46}
		{BFD71CDA-1494-4F58-A482-43FA255FE227} = {12682F58-306A-4F67-8850-BF67BDA26D46}
		{F17A64CB-92AB-434E-B03D-A5CA95A3A9DF} = {12682F58-306A-4F67-8850-BF67BDA26D46}
		{3E568355-4B11-4725-8646-8485EBB0348A} = {02F542E8-E2BD-4070-812E-646CA9219E52}
		{06026362-283D-4FE0-B077-67F5882080F5} = {02F542E8-E2BD-4070-812E-646CA9219E52}
		{D2BAA763-B535-4DF3-9A53-866347AA6D34} = {02F542E8-E2BD-4070-812E-646CA9219E52}
		{80839F34-A394-4059-AF98-A58D1E20F0F8} = {12682F58-306A-4F67-8850-BF67BDA26D46}
		{C23A9B66-AA03-43A3-8D98-C111D92758CB} = {02F542E8-E2BD-4070-812E-646CA9219E52}
		{86E3B9C8-CFF8-4F91-8FFD-7CA48FE08142} = {65E14A04-CC0E-4457-8D56-6517580C5BC9}
		{7208A4A3-1BA6-419F-878A-4F4724102D1A} = {1E283223-B30F-4280-A3E4-D3BD0BCB552B}
		{A3924547-E9B3-4A13-9272-4145938EAB18} = {BBDF8FF9-81AA-460A-B4FD-17AD7B43624F}
		{1C7C38CD-CFE3-4841-95A2-73BA10DCDB68} = {65E14A04-CC0E-4457-8D56-6517580C5BC9}
		{70B950D6-FEA6-4B12-8A99-B594CF1576E3} = {BBDF8FF9-81AA-460A-B4FD-17AD7B43624F}
		{D78818CC-4860-4071-AEB8-071167687B40} = {1E283223-B30F-4280-A3E4-D3BD0BCB552B}
		{1E283223-B30F-4280-A3E4-D3BD0BCB552B} = {EBBE8DFF-10F4-41C1-8456-9188F8038EC0}
		{BBDF8FF9-81AA-460A-B4FD-17AD7B43624F} = {EBBE8DFF-10F4-41C1-8456-9188F8038EC0}
		{9003A416-2701-422C-A21E-2A23DB4A4661} = {EBBE8DFF-10F4-41C1-8456-9188F8038EC0}
		{65E14A04-CC0E-4457-8D56-6517580C5BC9} = {EBBE8DFF-10F4-41C1-8456-9188F8038EC0}
		{05093302-3683-47D6-B1B6-B7669D8E18EE} = {EBBE8DFF-10F4-41C1-8456-9188F8038EC0}
		{6004FB9F-B22E-423E-B3C7-CAFD3BD5DABB} = {12682F58-306A-4F67-8850-BF67BDA26D46}
	EndGlobalSection
	GlobalSection(ExtensibilityGlobals) = postSolution
		SolutionGuid = {4FF47020-DA8D-4683-8E5E-813E06A746AD}
	EndGlobalSection
EndGlobal
