
Microsoft Visual Studio Solution File, Format Version 12.00
# Visual Studio Version 16
VisualStudioVersion = 16.0.29209.152
MinimumVisualStudioVersion = 10.0.40219.1
Project("{9A19103F-16F7-4668-BE54-9A1E7A4F7556}") = "MediaDevicesCore30", "MediaDevicesCore30\MediaDevicesCore30.csproj", "{39F1C71B-0C48-49E4-A025-B828EB52E7BD}"
EndProject
Project("{9A19103F-16F7-4668-BE54-9A1E7A4F7556}") = "MediaDevicesCore20", "MediaDevicesCore20\MediaDevicesCore20.csproj", "{77400A8D-3C34-4AF2-8773-5BB23AAF0565}"
EndProject
Project("{D954291E-2A0B-460D-934E-DC6B0785DB48}") = "MediaDevicesShare", "MediaDevicesShare\MediaDevicesShare.shproj", "{8C6734B5-5BBB-413E-A5F2-FC7E6AAFFCE7}"
EndProject
Project("{FAE04EC0-301F-11D3-BF4B-00C04F79EFBC}") = "MediaDevicesFramework45", "MediaDevicesFramework45\MediaDevicesFramework45.csproj", "{13F50C1B-2ABB-4320-A726-E2CE8CB45940}"
EndProject
Project("{D954291E-2A0B-460D-934E-DC6B0785DB48}") = "MediaDevicesAppShare", "MediaDevicesAppShare\MediaDevicesAppShare.shproj", "{C30EB5AB-6DCF-4537-AAF9-5B8A5E425C15}"
EndProject
Project("{9A19103F-16F7-4668-BE54-9A1E7A4F7556}") = "MediaDevicesAppCore30", "MediaDevicesAppCore30\MediaDevicesAppCore30.csproj", "{9DD3E467-5A80-4DA6-B257-AC9D1562FB78}"
EndProject
Project("{FAE04EC0-301F-11D3-BF4B-00C04F79EFBC}") = "MediaDevicesAppFramework45", "MediaDevicesAppFramework45\MediaDevicesAppFramework45.csproj", "{5A9B9D55-CC27-4806-8769-3E74CD13B5E6}"
EndProject
Project("{D954291E-2A0B-460D-934E-DC6B0785DB48}") = "ExplorerShare", "ExplorerShare\ExplorerShare.shproj", "{E07F1AAE-B9EA-4A87-AC61-D5B71B7C3042}"
EndProject
Project("{FAE04EC0-301F-11D3-BF4B-00C04F79EFBC}") = "ExplorerFramework45", "ExplorerFramework45\ExplorerFramework45.csproj", "{F37414EF-44A7-4D50-82CF-A56A9A23D5DE}"
EndProject
Project("{9A19103F-16F7-4668-BE54-9A1E7A4F7556}") = "ExplorerCore30", "ExplorerCore30\ExplorerCore30.csproj", "{4759F9A9-A633-4D6B-873C-EBEA8A7BC9C3}"
EndProject
Project("{2150E333-8FDC-42A3-9474-1A3956D46DE8}") = "Explorer", "Explorer", "{93E63B01-4A67-436B-9592-83AC3B0D03F5}"
EndProject
Project("{2150E333-8FDC-42A3-9474-1A3956D46DE8}") = "MediaDevicesApp", "MediaDevicesApp", "{EBBE8DFF-10F4-41C1-8456-9188F8038EC0}"
EndProject
Project("{2150E333-8FDC-42A3-9474-1A3956D46DE8}") = "UnitTest", "UnitTest", "{02F542E8-E2BD-4070-812E-646CA9219E52}"
EndProject
Project("{D954291E-2A0B-460D-934E-DC6B0785DB48}") = "MediaDevicesUnitTestShare", "MediaDevicesUnitTestShare\MediaDevicesUnitTestShare.shproj", "{BFAC062B-2224-48AF-B45E-158F8D21927F}"
EndProject
Project("{FAE04EC0-301F-11D3-BF4B-00C04F79EFBC}") = "MediaDevicesUnitTestFramework45", "MediaDevicesUnitTestFramework45\MediaDevicesUnitTestFramework45.csproj", "{3932248E-FB4C-49F9-BC89-B8103E3ED42F}"
EndProject
Project("{9A19103F-16F7-4668-BE54-9A1E7A4F7556}") = "MediaDevicesUnitTestCore30", "MediaDevicesUnitTestCore30\MediaDevicesUnitTestCore30.csproj", "{1314C426-08B8-4C84-99A4-A15973788BB7}"
EndProject
Project("{9A19103F-16F7-4668-BE54-9A1E7A4F7556}") = "MediaDevicesUnitTestCore20", "MediaDevicesUnitTestCore20\MediaDevicesUnitTestCore20.csproj", "{044118EC-2FF8-4618-AFDB-A11F17214363}"
EndProject
Project("{FAE04EC0-301F-11D3-BF4B-00C04F79EFBC}") = "MediaDevicesAppFramework48", "MediaDevicesAppFramework48\MediaDevicesAppFramework48.csproj", "{0E06CBF7-7842-445D-B90E-1B2DBED6539B}"
EndProject
Project("{2150E333-8FDC-42A3-9474-1A3956D46DE8}") = "MediaDevices", "MediaDevices", "{12682F58-306A-4F67-8850-BF67BDA26D46}"
EndProject
Project("{2150E333-8FDC-42A3-9474-1A3956D46DE8}") = "Documentation", "Documentation", "{B289D6A2-35CA-48C7-A5AD-609989221D04}"
EndProject
Project("{7CF6DF6D-3B04-46F8-A40B-537D21BCA0B4}") = "MediaDevicesDoc", "MediaDevicesDoc\MediaDevicesDoc.shfbproj", "{15DBA1E6-2C21-40AC-BD19-67926C3442AC}"
EndProject
Project("{9A19103F-16F7-4668-BE54-9A1E7A4F7556}") = "MediaDevicesCore31", "MediaDevicesCore31\MediaDevicesCore31.csproj", "{088844C9-C8DE-45A6-87CE-EC2AF3E0651F}"
EndProject
Project("{9A19103F-16F7-4668-BE54-9A1E7A4F7556}") = "MediaDevicesCore21", "MediaDevicesCore21\MediaDevicesCore21.csproj", "{BFD71CDA-1494-4F58-A482-43FA255FE227}"
EndProject
Project("{9A19103F-16F7-4668-BE54-9A1E7A4F7556}") = "MediaDevices50", "MediaDevices50\MediaDevices50.csproj", "{F17A64CB-92AB-434E-B03D-A5CA95A3A9DF}"
EndProject
Project("{9A19103F-16F7-4668-BE54-9A1E7A4F7556}") = "MediaDevicesUnitTestCore31", "MediaDevicesUnitTestCore31\MediaDevicesUnitTestCore31.csproj", "{3E568355-4B11-4725-8646-8485EBB0348A}"
EndProject
Project("{9A19103F-16F7-4668-BE54-9A1E7A4F7556}") = "MediaDevicesUnitTestCore21", "MediaDevicesUnitTestCore21\MediaDevicesUnitTestCore21.csproj", "{06026362-283D-4FE0-B077-67F5882080F5}"
EndProject
Project("{9A19103F-16F7-4668-BE54-9A1E7A4F7556}") = "MediaDevicesUnitTest50", "MediaDevicesUnitTest50\MediaDevicesUnitTest50.csproj", "{D2BAA763-B535-4DF3-9A53-866347AA6D34}"
EndProject
Global
	GlobalSection(SharedMSBuildProjectFiles) = preSolution
		MediaDevicesUnitTestShare\MediaDevicesUnitTestShare.projitems*{044118ec-2ff8-4618-afdb-a11f17214363}*SharedItemsImports = 5
		MediaDevicesUnitTestShare\MediaDevicesUnitTestShare.projitems*{06026362-283d-4fe0-b077-67f5882080f5}*SharedItemsImports = 5
		MediaDevicesShare\MediaDevicesShare.projitems*{088844c9-c8de-45a6-87ce-ec2af3e0651f}*SharedItemsImports = 5
		MediaDevicesAppShare\MediaDevicesAppShare.projitems*{0e06cbf7-7842-445d-b90e-1b2dbed6539b}*SharedItemsImports = 4
		MediaDevicesUnitTestShare\MediaDevicesUnitTestShare.projitems*{1314c426-08b8-4c84-99a4-a15973788bb7}*SharedItemsImports = 5
		MediaDevicesShare\MediaDevicesShare.projitems*{13f50c1b-2abb-4320-a726-e2ce8cb45940}*SharedItemsImports = 4
		MediaDevicesUnitTestShare\MediaDevicesUnitTestShare.projitems*{3932248e-fb4c-49f9-bc89-b8103e3ed42f}*SharedItemsImports = 4
		MediaDevicesShare\MediaDevicesShare.projitems*{39f1c71b-0c48-49e4-a025-b828eb52e7bd}*SharedItemsImports = 5
		MediaDevicesUnitTestShare\MediaDevicesUnitTestShare.projitems*{3e568355-4b11-4725-8646-8485ebb0348a}*SharedItemsImports = 5
		ExplorerShare\ExplorerShare.projitems*{4759f9a9-a633-4d6b-873c-ebea8a7bc9c3}*SharedItemsImports = 5
		MediaDevicesAppShare\MediaDevicesAppShare.projitems*{5a9b9d55-cc27-4806-8769-3e74cd13b5e6}*SharedItemsImports = 4
		MediaDevicesShare\MediaDevicesShare.projitems*{77400a8d-3c34-4af2-8773-5bb23aaf0565}*SharedItemsImports = 5
		MediaDevicesShare\MediaDevicesShare.projitems*{8c6734b5-5bbb-413e-a5f2-fc7e6aaffce7}*SharedItemsImports = 13
		MediaDevicesAppShare\MediaDevicesAppShare.projitems*{9dd3e467-5a80-4da6-b257-ac9d1562fb78}*SharedItemsImports = 5
		MediaDevicesUnitTestShare\MediaDevicesUnitTestShare.projitems*{bfac062b-2224-48af-b45e-158f8d21927f}*SharedItemsImports = 13
		MediaDevicesShare\MediaDevicesShare.projitems*{bfd71cda-1494-4f58-a482-43fa255fe227}*SharedItemsImports = 5
		MediaDevicesAppShare\MediaDevicesAppShare.projitems*{c30eb5ab-6dcf-4537-aaf9-5b8a5e425c15}*SharedItemsImports = 13
		MediaDevicesUnitTestShare\MediaDevicesUnitTestShare.projitems*{d2baa763-b535-4df3-9a53-866347aa6d34}*SharedItemsImports = 5
		ExplorerShare\ExplorerShare.projitems*{e07f1aae-b9ea-4a87-ac61-d5b71b7c3042}*SharedItemsImports = 13
		MediaDevicesShare\MediaDevicesShare.projitems*{f17a64cb-92ab-434e-b03d-a5ca95a3a9df}*SharedItemsImports = 5
		ExplorerShare\ExplorerShare.projitems*{f37414ef-44a7-4d50-82cf-a56a9a23d5de}*SharedItemsImports = 4
	EndGlobalSection
	GlobalSection(SolutionConfigurationPlatforms) = preSolution
		Debug|Any CPU = Debug|Any CPU
		Debug|x64 = Debug|x64
		Debug|x86 = Debug|x86
		Release|Any CPU = Release|Any CPU
		Release|x64 = Release|x64
		Release|x86 = Release|x86
	EndGlobalSection
	GlobalSection(ProjectConfigurationPlatforms) = postSolution
		{39F1C71B-0C48-49E4-A025-B828EB52E7BD}.Debug|Any CPU.ActiveCfg = Debug|Any CPU
		{39F1C71B-0C48-49E4-A025-B828EB52E7BD}.Debug|Any CPU.Build.0 = Debug|Any CPU
		{39F1C71B-0C48-49E4-A025-B828EB52E7BD}.Debug|x64.ActiveCfg = Debug|Any CPU
		{39F1C71B-0C48-49E4-A025-B828EB52E7BD}.Debug|x64.Build.0 = Debug|Any CPU
		{39F1C71B-0C48-49E4-A025-B828EB52E7BD}.Debug|x86.ActiveCfg = Debug|Any CPU
		{39F1C71B-0C48-49E4-A025-B828EB52E7BD}.Debug|x86.Build.0 = Debug|Any CPU
		{39F1C71B-0C48-49E4-A025-B828EB52E7BD}.Release|Any CPU.ActiveCfg = Release|Any CPU
		{39F1C71B-0C48-49E4-A025-B828EB52E7BD}.Release|Any CPU.Build.0 = Release|Any CPU
		{39F1C71B-0C48-49E4-A025-B828EB52E7BD}.Release|x64.ActiveCfg = Release|Any CPU
		{39F1C71B-0C48-49E4-A025-B828EB52E7BD}.Release|x64.Build.0 = Release|Any CPU
		{39F1C71B-0C48-49E4-A025-B828EB52E7BD}.Release|x86.ActiveCfg = Release|Any CPU
		{39F1C71B-0C48-49E4-A025-B828EB52E7BD}.Release|x86.Build.0 = Release|Any CPU
		{77400A8D-3C34-4AF2-8773-5BB23AAF0565}.Debug|Any CPU.ActiveCfg = Debug|Any CPU
		{77400A8D-3C34-4AF2-8773-5BB23AAF0565}.Debug|Any CPU.Build.0 = Debug|Any CPU
		{77400A8D-3C34-4AF2-8773-5BB23AAF0565}.Debug|x64.ActiveCfg = Debug|Any CPU
		{77400A8D-3C34-4AF2-8773-5BB23AAF0565}.Debug|x64.Build.0 = Debug|Any CPU
		{77400A8D-3C34-4AF2-8773-5BB23AAF0565}.Debug|x86.ActiveCfg = Debug|Any CPU
		{77400A8D-3C34-4AF2-8773-5BB23AAF0565}.Debug|x86.Build.0 = Debug|Any CPU
		{77400A8D-3C34-4AF2-8773-5BB23AAF0565}.Release|Any CPU.ActiveCfg = Release|Any CPU
		{77400A8D-3C34-4AF2-8773-5BB23AAF0565}.Release|Any CPU.Build.0 = Release|Any CPU
		{77400A8D-3C34-4AF2-8773-5BB23AAF0565}.Release|x64.ActiveCfg = Release|Any CPU
		{77400A8D-3C34-4AF2-8773-5BB23AAF0565}.Release|x64.Build.0 = Release|Any CPU
		{77400A8D-3C34-4AF2-8773-5BB23AAF0565}.Release|x86.ActiveCfg = Release|Any CPU
		{77400A8D-3C34-4AF2-8773-5BB23AAF0565}.Release|x86.Build.0 = Release|Any CPU
		{13F50C1B-2ABB-4320-A726-E2CE8CB45940}.Debug|Any CPU.ActiveCfg = Debug|Any CPU
		{13F50C1B-2ABB-4320-A726-E2CE8CB45940}.Debug|Any CPU.Build.0 = Debug|Any CPU
		{13F50C1B-2ABB-4320-A726-E2CE8CB45940}.Debug|x64.ActiveCfg = Debug|Any CPU
		{13F50C1B-2ABB-4320-A726-E2CE8CB45940}.Debug|x64.Build.0 = Debug|Any CPU
		{13F50C1B-2ABB-4320-A726-E2CE8CB45940}.Debug|x86.ActiveCfg = Debug|Any CPU
		{13F50C1B-2ABB-4320-A726-E2CE8CB45940}.Debug|x86.Build.0 = Debug|Any CPU
		{13F50C1B-2ABB-4320-A726-E2CE8CB45940}.Release|Any CPU.ActiveCfg = Release|Any CPU
		{13F50C1B-2ABB-4320-A726-E2CE8CB45940}.Release|Any CPU.Build.0 = Release|Any CPU
		{13F50C1B-2ABB-4320-A726-E2CE8CB45940}.Release|x64.ActiveCfg = Release|Any CPU
		{13F50C1B-2ABB-4320-A726-E2CE8CB45940}.Release|x64.Build.0 = Release|Any CPU
		{13F50C1B-2ABB-4320-A726-E2CE8CB45940}.Release|x86.ActiveCfg = Release|Any CPU
		{13F50C1B-2ABB-4320-A726-E2CE8CB45940}.Release|x86.Build.0 = Release|Any CPU
		{9DD3E467-5A80-4DA6-B257-AC9D1562FB78}.Debug|Any CPU.ActiveCfg = Debug|Any CPU
		{9DD3E467-5A80-4DA6-B257-AC9D1562FB78}.Debug|Any CPU.Build.0 = Debug|Any CPU
		{9DD3E467-5A80-4DA6-B257-AC9D1562FB78}.Debug|x64.ActiveCfg = Debug|Any CPU
		{9DD3E467-5A80-4DA6-B257-AC9D1562FB78}.Debug|x64.Build.0 = Debug|Any CPU
		{9DD3E467-5A80-4DA6-B257-AC9D1562FB78}.Debug|x86.ActiveCfg = Debug|Any CPU
		{9DD3E467-5A80-4DA6-B257-AC9D1562FB78}.Debug|x86.Build.0 = Debug|Any CPU
		{9DD3E467-5A80-4DA6-B257-AC9D1562FB78}.Release|Any CPU.ActiveCfg = Release|Any CPU
		{9DD3E467-5A80-4DA6-B257-AC9D1562FB78}.Release|Any CPU.Build.0 = Release|Any CPU
		{9DD3E467-5A80-4DA6-B257-AC9D1562FB78}.Release|x64.ActiveCfg = Release|Any CPU
		{9DD3E467-5A80-4DA6-B257-AC9D1562FB78}.Release|x64.Build.0 = Release|Any CPU
		{9DD3E467-5A80-4DA6-B257-AC9D1562FB78}.Release|x86.ActiveCfg = Release|Any CPU
		{9DD3E467-5A80-4DA6-B257-AC9D1562FB78}.Release|x86.Build.0 = Release|Any CPU
		{5A9B9D55-CC27-4806-8769-3E74CD13B5E6}.Debug|Any CPU.ActiveCfg = Debug|Any CPU
		{5A9B9D55-CC27-4806-8769-3E74CD13B5E6}.Debug|Any CPU.Build.0 = Debug|Any CPU
		{5A9B9D55-CC27-4806-8769-3E74CD13B5E6}.Debug|x64.ActiveCfg = Debug|Any CPU
		{5A9B9D55-CC27-4806-8769-3E74CD13B5E6}.Debug|x64.Build.0 = Debug|Any CPU
		{5A9B9D55-CC27-4806-8769-3E74CD13B5E6}.Debug|x86.ActiveCfg = Debug|Any CPU
		{5A9B9D55-CC27-4806-8769-3E74CD13B5E6}.Debug|x86.Build.0 = Debug|Any CPU
		{5A9B9D55-CC27-4806-8769-3E74CD13B5E6}.Release|Any CPU.ActiveCfg = Release|Any CPU
		{5A9B9D55-CC27-4806-8769-3E74CD13B5E6}.Release|Any CPU.Build.0 = Release|Any CPU
		{5A9B9D55-CC27-4806-8769-3E74CD13B5E6}.Release|x64.ActiveCfg = Release|Any CPU
		{5A9B9D55-CC27-4806-8769-3E74CD13B5E6}.Release|x64.Build.0 = Release|Any CPU
		{5A9B9D55-CC27-4806-8769-3E74CD13B5E6}.Release|x86.ActiveCfg = Release|Any CPU
		{5A9B9D55-CC27-4806-8769-3E74CD13B5E6}.Release|x86.Build.0 = Release|Any CPU
		{F37414EF-44A7-4D50-82CF-A56A9A23D5DE}.Debug|Any CPU.ActiveCfg = Debug|Any CPU
		{F37414EF-44A7-4D50-82CF-A56A9A23D5DE}.Debug|Any CPU.Build.0 = Debug|Any CPU
		{F37414EF-44A7-4D50-82CF-A56A9A23D5DE}.Debug|x64.ActiveCfg = Debug|Any CPU
		{F37414EF-44A7-4D50-82CF-A56A9A23D5DE}.Debug|x64.Build.0 = Debug|Any CPU
		{F37414EF-44A7-4D50-82CF-A56A9A23D5DE}.Debug|x86.ActiveCfg = Debug|Any CPU
		{F37414EF-44A7-4D50-82CF-A56A9A23D5DE}.Debug|x86.Build.0 = Debug|Any CPU
		{F37414EF-44A7-4D50-82CF-A56A9A23D5DE}.Release|Any CPU.ActiveCfg = Release|Any CPU
		{F37414EF-44A7-4D50-82CF-A56A9A23D5DE}.Release|Any CPU.Build.0 = Release|Any CPU
		{F37414EF-44A7-4D50-82CF-A56A9A23D5DE}.Release|x64.ActiveCfg = Release|Any CPU
		{F37414EF-44A7-4D50-82CF-A56A9A23D5DE}.Release|x64.Build.0 = Release|Any CPU
		{F37414EF-44A7-4D50-82CF-A56A9A23D5DE}.Release|x86.ActiveCfg = Release|Any CPU
		{F37414EF-44A7-4D50-82CF-A56A9A23D5DE}.Release|x86.Build.0 = Release|Any CPU
		{4759F9A9-A633-4D6B-873C-EBEA8A7BC9C3}.Debug|Any CPU.ActiveCfg = Debug|Any CPU
		{4759F9A9-A633-4D6B-873C-EBEA8A7BC9C3}.Debug|Any CPU.Build.0 = Debug|Any CPU
		{4759F9A9-A633-4D6B-873C-EBEA8A7BC9C3}.Debug|x64.ActiveCfg = Debug|Any CPU
		{4759F9A9-A633-4D6B-873C-EBEA8A7BC9C3}.Debug|x64.Build.0 = Debug|Any CPU
		{4759F9A9-A633-4D6B-873C-EBEA8A7BC9C3}.Debug|x86.ActiveCfg = Debug|Any CPU
		{4759F9A9-A633-4D6B-873C-EBEA8A7BC9C3}.Debug|x86.Build.0 = Debug|Any CPU
		{4759F9A9-A633-4D6B-873C-EBEA8A7BC9C3}.Release|Any CPU.ActiveCfg = Release|Any CPU
		{4759F9A9-A633-4D6B-873C-EBEA8A7BC9C3}.Release|Any CPU.Build.0 = Release|Any CPU
		{4759F9A9-A633-4D6B-873C-EBEA8A7BC9C3}.Release|x64.ActiveCfg = Release|Any CPU
		{4759F9A9-A633-4D6B-873C-EBEA8A7BC9C3}.Release|x64.Build.0 = Release|Any CPU
		{4759F9A9-A633-4D6B-873C-EBEA8A7BC9C3}.Release|x86.ActiveCfg = Release|Any CPU
		{4759F9A9-A633-4D6B-873C-EBEA8A7BC9C3}.Release|x86.Build.0 = Release|Any CPU
		{3932248E-FB4C-49F9-BC89-B8103E3ED42F}.Debug|Any CPU.ActiveCfg = Debug|Any CPU
		{3932248E-FB4C-49F9-BC89-B8103E3ED42F}.Debug|Any CPU.Build.0 = Debug|Any CPU
		{3932248E-FB4C-49F9-BC89-B8103E3ED42F}.Debug|x64.ActiveCfg = Debug|Any CPU
		{3932248E-FB4C-49F9-BC89-B8103E3ED42F}.Debug|x64.Build.0 = Debug|Any CPU
		{3932248E-FB4C-49F9-BC89-B8103E3ED42F}.Debug|x86.ActiveCfg = Debug|Any CPU
		{3932248E-FB4C-49F9-BC89-B8103E3ED42F}.Debug|x86.Build.0 = Debug|Any CPU
		{3932248E-FB4C-49F9-BC89-B8103E3ED42F}.Release|Any CPU.ActiveCfg = Release|Any CPU
		{3932248E-FB4C-49F9-BC89-B8103E3ED42F}.Release|Any CPU.Build.0 = Release|Any CPU
		{3932248E-FB4C-49F9-BC89-B8103E3ED42F}.Release|x64.ActiveCfg = Release|Any CPU
		{3932248E-FB4C-49F9-BC89-B8103E3ED42F}.Release|x64.Build.0 = Release|Any CPU
		{3932248E-FB4C-49F9-BC89-B8103E3ED42F}.Release|x86.ActiveCfg = Release|Any CPU
		{3932248E-FB4C-49F9-BC89-B8103E3ED42F}.Release|x86.Build.0 = Release|Any CPU
		{1314C426-08B8-4C84-99A4-A15973788BB7}.Debug|Any CPU.ActiveCfg = Debug|Any CPU
		{1314C426-08B8-4C84-99A4-A15973788BB7}.Debug|Any CPU.Build.0 = Debug|Any CPU
		{1314C426-08B8-4C84-99A4-A15973788BB7}.Debug|x64.ActiveCfg = Debug|Any CPU
		{1314C426-08B8-4C84-99A4-A15973788BB7}.Debug|x64.Build.0 = Debug|Any CPU
		{1314C426-08B8-4C84-99A4-A15973788BB7}.Debug|x86.ActiveCfg = Debug|Any CPU
		{1314C426-08B8-4C84-99A4-A15973788BB7}.Debug|x86.Build.0 = Debug|Any CPU
		{1314C426-08B8-4C84-99A4-A15973788BB7}.Release|Any CPU.ActiveCfg = Release|Any CPU
		{1314C426-08B8-4C84-99A4-A15973788BB7}.Release|Any CPU.Build.0 = Release|Any CPU
		{1314C426-08B8-4C84-99A4-A15973788BB7}.Release|x64.ActiveCfg = Release|Any CPU
		{1314C426-08B8-4C84-99A4-A15973788BB7}.Release|x64.Build.0 = Release|Any CPU
		{1314C426-08B8-4C84-99A4-A15973788BB7}.Release|x86.ActiveCfg = Release|Any CPU
		{1314C426-08B8-4C84-99A4-A15973788BB7}.Release|x86.Build.0 = Release|Any CPU
		{044118EC-2FF8-4618-AFDB-A11F17214363}.Debug|Any CPU.ActiveCfg = Debug|Any CPU
		{044118EC-2FF8-4618-AFDB-A11F17214363}.Debug|Any CPU.Build.0 = Debug|Any CPU
		{044118EC-2FF8-4618-AFDB-A11F17214363}.Debug|x64.ActiveCfg = Debug|Any CPU
		{044118EC-2FF8-4618-AFDB-A11F17214363}.Debug|x64.Build.0 = Debug|Any CPU
		{044118EC-2FF8-4618-AFDB-A11F17214363}.Debug|x86.ActiveCfg = Debug|Any CPU
		{044118EC-2FF8-4618-AFDB-A11F17214363}.Debug|x86.Build.0 = Debug|Any CPU
		{044118EC-2FF8-4618-AFDB-A11F17214363}.Release|Any CPU.ActiveCfg = Release|Any CPU
		{044118EC-2FF8-4618-AFDB-A11F17214363}.Release|Any CPU.Build.0 = Release|Any CPU
		{044118EC-2FF8-4618-AFDB-A11F17214363}.Release|x64.ActiveCfg = Release|Any CPU
		{044118EC-2FF8-4618-AFDB-A11F17214363}.Release|x64.Build.0 = Release|Any CPU
		{044118EC-2FF8-4618-AFDB-A11F17214363}.Release|x86.ActiveCfg = Release|Any CPU
		{044118EC-2FF8-4618-AFDB-A11F17214363}.Release|x86.Build.0 = Release|Any CPU
		{0E06CBF7-7842-445D-B90E-1B2DBED6539B}.Debug|Any CPU.ActiveCfg = Debug|Any CPU
		{0E06CBF7-7842-445D-B90E-1B2DBED6539B}.Debug|Any CPU.Build.0 = Debug|Any CPU
		{0E06CBF7-7842-445D-B90E-1B2DBED6539B}.Debug|x64.ActiveCfg = Debug|Any CPU
		{0E06CBF7-7842-445D-B90E-1B2DBED6539B}.Debug|x64.Build.0 = Debug|Any CPU
		{0E06CBF7-7842-445D-B90E-1B2DBED6539B}.Debug|x86.ActiveCfg = Debug|Any CPU
		{0E06CBF7-7842-445D-B90E-1B2DBED6539B}.Debug|x86.Build.0 = Debug|Any CPU
		{0E06CBF7-7842-445D-B90E-1B2DBED6539B}.Release|Any CPU.ActiveCfg = Release|Any CPU
		{0E06CBF7-7842-445D-B90E-1B2DBED6539B}.Release|Any CPU.Build.0 = Release|Any CPU
		{0E06CBF7-7842-445D-B90E-1B2DBED6539B}.Release|x64.ActiveCfg = Release|Any CPU
		{0E06CBF7-7842-445D-B90E-1B2DBED6539B}.Release|x64.Build.0 = Release|Any CPU
		{0E06CBF7-7842-445D-B90E-1B2DBED6539B}.Release|x86.ActiveCfg = Release|Any CPU
		{0E06CBF7-7842-445D-B90E-1B2DBED6539B}.Release|x86.Build.0 = Release|Any CPU
		{15DBA1E6-2C21-40AC-BD19-67926C3442AC}.Debug|Any CPU.ActiveCfg = Debug|Any CPU
		{15DBA1E6-2C21-40AC-BD19-67926C3442AC}.Debug|x64.ActiveCfg = Debug|Any CPU
		{15DBA1E6-2C21-40AC-BD19-67926C3442AC}.Debug|x86.ActiveCfg = Debug|Any CPU
		{15DBA1E6-2C21-40AC-BD19-67926C3442AC}.Release|Any CPU.ActiveCfg = Release|Any CPU
		{15DBA1E6-2C21-40AC-BD19-67926C3442AC}.Release|Any CPU.Build.0 = Release|Any CPU
		{15DBA1E6-2C21-40AC-BD19-67926C3442AC}.Release|x64.ActiveCfg = Release|Any CPU
		{15DBA1E6-2C21-40AC-BD19-67926C3442AC}.Release|x64.Build.0 = Release|Any CPU
		{15DBA1E6-2C21-40AC-BD19-67926C3442AC}.Release|x86.ActiveCfg = Release|Any CPU
		{15DBA1E6-2C21-40AC-BD19-67926C3442AC}.Release|x86.Build.0 = Release|Any CPU
		{088844C9-C8DE-45A6-87CE-EC2AF3E0651F}.Debug|Any CPU.ActiveCfg = Debug|Any CPU
		{088844C9-C8DE-45A6-87CE-EC2AF3E0651F}.Debug|Any CPU.Build.0 = Debug|Any CPU
		{088844C9-C8DE-45A6-87CE-EC2AF3E0651F}.Debug|x64.ActiveCfg = Debug|Any CPU
		{088844C9-C8DE-45A6-87CE-EC2AF3E0651F}.Debug|x64.Build.0 = Debug|Any CPU
		{088844C9-C8DE-45A6-87CE-EC2AF3E0651F}.Debug|x86.ActiveCfg = Debug|Any CPU
		{088844C9-C8DE-45A6-87CE-EC2AF3E0651F}.Debug|x86.Build.0 = Debug|Any CPU
		{088844C9-C8DE-45A6-87CE-EC2AF3E0651F}.Release|Any CPU.ActiveCfg = Release|Any CPU
		{088844C9-C8DE-45A6-87CE-EC2AF3E0651F}.Release|Any CPU.Build.0 = Release|Any CPU
		{088844C9-C8DE-45A6-87CE-EC2AF3E0651F}.Release|x64.ActiveCfg = Release|Any CPU
		{088844C9-C8DE-45A6-87CE-EC2AF3E0651F}.Release|x64.Build.0 = Release|Any CPU
		{088844C9-C8DE-45A6-87CE-EC2AF3E0651F}.Release|x86.ActiveCfg = Release|Any CPU
		{088844C9-C8DE-45A6-87CE-EC2AF3E0651F}.Release|x86.Build.0 = Release|Any CPU
		{BFD71CDA-1494-4F58-A482-43FA255FE227}.Debug|Any CPU.ActiveCfg = Debug|Any CPU
		{BFD71CDA-1494-4F58-A482-43FA255FE227}.Debug|Any CPU.Build.0 = Debug|Any CPU
		{BFD71CDA-1494-4F58-A482-43FA255FE227}.Debug|x64.ActiveCfg = Debug|Any CPU
		{BFD71CDA-1494-4F58-A482-43FA255FE227}.Debug|x64.Build.0 = Debug|Any CPU
		{BFD71CDA-1494-4F58-A482-43FA255FE227}.Debug|x86.ActiveCfg = Debug|Any CPU
		{BFD71CDA-1494-4F58-A482-43FA255FE227}.Debug|x86.Build.0 = Debug|Any CPU
		{BFD71CDA-1494-4F58-A482-43FA255FE227}.Release|Any CPU.ActiveCfg = Release|Any CPU
		{BFD71CDA-1494-4F58-A482-43FA255FE227}.Release|Any CPU.Build.0 = Release|Any CPU
		{BFD71CDA-1494-4F58-A482-43FA255FE227}.Release|x64.ActiveCfg = Release|Any CPU
		{BFD71CDA-1494-4F58-A482-43FA255FE227}.Release|x64.Build.0 = Release|Any CPU
		{BFD71CDA-1494-4F58-A482-43FA255FE227}.Release|x86.ActiveCfg = Release|Any CPU
		{BFD71CDA-1494-4F58-A482-43FA255FE227}.Release|x86.Build.0 = Release|Any CPU
		{F17A64CB-92AB-434E-B03D-A5CA95A3A9DF}.Debug|Any CPU.ActiveCfg = Debug|Any CPU
		{F17A64CB-92AB-434E-B03D-A5CA95A3A9DF}.Debug|Any CPU.Build.0 = Debug|Any CPU
		{F17A64CB-92AB-434E-B03D-A5CA95A3A9DF}.Debug|x64.ActiveCfg = Debug|Any CPU
		{F17A64CB-92AB-434E-B03D-A5CA95A3A9DF}.Debug|x64.Build.0 = Debug|Any CPU
		{F17A64CB-92AB-434E-B03D-A5CA95A3A9DF}.Debug|x86.ActiveCfg = Debug|Any CPU
		{F17A64CB-92AB-434E-B03D-A5CA95A3A9DF}.Debug|x86.Build.0 = Debug|Any CPU
		{F17A64CB-92AB-434E-B03D-A5CA95A3A9DF}.Release|Any CPU.ActiveCfg = Release|Any CPU
		{F17A64CB-92AB-434E-B03D-A5CA95A3A9DF}.Release|Any CPU.Build.0 = Release|Any CPU
		{F17A64CB-92AB-434E-B03D-A5CA95A3A9DF}.Release|x64.ActiveCfg = Release|Any CPU
		{F17A64CB-92AB-434E-B03D-A5CA95A3A9DF}.Release|x64.Build.0 = Release|Any CPU
		{F17A64CB-92AB-434E-B03D-A5CA95A3A9DF}.Release|x86.ActiveCfg = Release|Any CPU
		{F17A64CB-92AB-434E-B03D-A5CA95A3A9DF}.Release|x86.Build.0 = Release|Any CPU
		{3E568355-4B11-4725-8646-8485EBB0348A}.Debug|Any CPU.ActiveCfg = Debug|Any CPU
		{3E568355-4B11-4725-8646-8485EBB0348A}.Debug|Any CPU.Build.0 = Debug|Any CPU
		{3E568355-4B11-4725-8646-8485EBB0348A}.Debug|x64.ActiveCfg = Debug|Any CPU
		{3E568355-4B11-4725-8646-8485EBB0348A}.Debug|x64.Build.0 = Debug|Any CPU
		{3E568355-4B11-4725-8646-8485EBB0348A}.Debug|x86.ActiveCfg = Debug|Any CPU
		{3E568355-4B11-4725-8646-8485EBB0348A}.Debug|x86.Build.0 = Debug|Any CPU
		{3E568355-4B11-4725-8646-8485EBB0348A}.Release|Any CPU.ActiveCfg = Release|Any CPU
		{3E568355-4B11-4725-8646-8485EBB0348A}.Release|Any CPU.Build.0 = Release|Any CPU
		{3E568355-4B11-4725-8646-8485EBB0348A}.Release|x64.ActiveCfg = Release|Any CPU
		{3E568355-4B11-4725-8646-8485EBB0348A}.Release|x64.Build.0 = Release|Any CPU
		{3E568355-4B11-4725-8646-8485EBB0348A}.Release|x86.ActiveCfg = Release|Any CPU
		{3E568355-4B11-4725-8646-8485EBB0348A}.Release|x86.Build.0 = Release|Any CPU
		{06026362-283D-4FE0-B077-67F5882080F5}.Debug|Any CPU.ActiveCfg = Debug|Any CPU
		{06026362-283D-4FE0-B077-67F5882080F5}.Debug|Any CPU.Build.0 = Debug|Any CPU
		{06026362-283D-4FE0-B077-67F5882080F5}.Debug|x64.ActiveCfg = Debug|Any CPU
		{06026362-283D-4FE0-B077-67F5882080F5}.Debug|x64.Build.0 = Debug|Any CPU
		{06026362-283D-4FE0-B077-67F5882080F5}.Debug|x86.ActiveCfg = Debug|Any CPU
		{06026362-283D-4FE0-B077-67F5882080F5}.Debug|x86.Build.0 = Debug|Any CPU
		{06026362-283D-4FE0-B077-67F5882080F5}.Release|Any CPU.ActiveCfg = Release|Any CPU
		{06026362-283D-4FE0-B077-67F5882080F5}.Release|Any CPU.Build.0 = Release|Any CPU
		{06026362-283D-4FE0-B077-67F5882080F5}.Release|x64.ActiveCfg = Release|Any CPU
		{06026362-283D-4FE0-B077-67F5882080F5}.Release|x64.Build.0 = Release|Any CPU
		{06026362-283D-4FE0-B077-67F5882080F5}.Release|x86.ActiveCfg = Release|Any CPU
		{06026362-283D-4FE0-B077-67F5882080F5}.Release|x86.Build.0 = Release|Any CPU
		{D2BAA763-B535-4DF3-9A53-866347AA6D34}.Debug|Any CPU.ActiveCfg = Debug|Any CPU
		{D2BAA763-B535-4DF3-9A53-866347AA6D34}.Debug|Any CPU.Build.0 = Debug|Any CPU
		{D2BAA763-B535-4DF3-9A53-866347AA6D34}.Debug|x64.ActiveCfg = Debug|Any CPU
		{D2BAA763-B535-4DF3-9A53-866347AA6D34}.Debug|x64.Build.0 = Debug|Any CPU
		{D2BAA763-B535-4DF3-9A53-866347AA6D34}.Debug|x86.ActiveCfg = Debug|Any CPU
		{D2BAA763-B535-4DF3-9A53-866347AA6D34}.Debug|x86.Build.0 = Debug|Any CPU
		{D2BAA763-B535-4DF3-9A53-866347AA6D34}.Release|Any CPU.ActiveCfg = Release|Any CPU
		{D2BAA763-B535-4DF3-9A53-866347AA6D34}.Release|Any CPU.Build.0 = Release|Any CPU
		{D2BAA763-B535-4DF3-9A53-866347AA6D34}.Release|x64.ActiveCfg = Release|Any CPU
		{D2BAA763-B535-4DF3-9A53-866347AA6D34}.Release|x64.Build.0 = Release|Any CPU
		{D2BAA763-B535-4DF3-9A53-866347AA6D34}.Release|x86.ActiveCfg = Release|Any CPU
		{D2BAA763-B535-4DF3-9A53-866347AA6D34}.Release|x86.Build.0 = Release|Any CPU
	EndGlobalSection
	GlobalSection(SolutionProperties) = preSolution
		HideSolutionNode = FALSE
	EndGlobalSection
	GlobalSection(NestedProjects) = preSolution
		{39F1C71B-0C48-49E4-A025-B828EB52E7BD} = {12682F58-306A-4F67-8850-BF67BDA26D46}
		{77400A8D-3C34-4AF2-8773-5BB23AAF0565} = {12682F58-306A-4F67-8850-BF67BDA26D46}
		{8C6734B5-5BBB-413E-A5F2-FC7E6AAFFCE7} = {12682F58-306A-4F67-8850-BF67BDA26D46}
		{13F50C1B-2ABB-4320-A726-E2CE8CB45940} = {12682F58-306A-4F67-8850-BF67BDA26D46}
		{C30EB5AB-6DCF-4537-AAF9-5B8A5E425C15} = {EBBE8DFF-10F4-41C1-8456-9188F8038EC0}
		{9DD3E467-5A80-4DA6-B257-AC9D1562FB78} = {EBBE8DFF-10F4-41C1-8456-9188F8038EC0}
		{5A9B9D55-CC27-4806-8769-3E74CD13B5E6} = {EBBE8DFF-10F4-41C1-8456-9188F8038EC0}
		{E07F1AAE-B9EA-4A87-AC61-D5B71B7C3042} = {93E63B01-4A67-436B-9592-83AC3B0D03F5}
		{F37414EF-44A7-4D50-82CF-A56A9A23D5DE} = {93E63B01-4A67-436B-9592-83AC3B0D03F5}
		{4759F9A9-A633-4D6B-873C-EBEA8A7BC9C3} = {93E63B01-4A67-436B-9592-83AC3B0D03F5}
		{BFAC062B-2224-48AF-B45E-158F8D21927F} = {02F542E8-E2BD-4070-812E-646CA9219E52}
		{3932248E-FB4C-49F9-BC89-B8103E3ED42F} = {02F542E8-E2BD-4070-812E-646CA9219E52}
		{1314C426-08B8-4C84-99A4-A15973788BB7} = {02F542E8-E2BD-4070-812E-646CA9219E52}
		{044118EC-2FF8-4618-AFDB-A11F17214363} = {02F542E8-E2BD-4070-812E-646CA9219E52}
		{0E06CBF7-7842-445D-B90E-1B2DBED6539B} = {EBBE8DFF-10F4-41C1-8456-9188F8038EC0}
		{15DBA1E6-2C21-40AC-BD19-67926C3442AC} = {B289D6A2-35CA-48C7-A5AD-609989221D04}
		{088844C9-C8DE-45A6-87CE-EC2AF3E0651F} = {12682F58-306A-4F67-8850-BF67BDA26D46}
		{BFD71CDA-1494-4F58-A482-43FA255FE227} = {12682F58-306A-4F67-8850-BF67BDA26D46}
		{F17A64CB-92AB-434E-B03D-A5CA95A3A9DF} = {12682F58-306A-4F67-8850-BF67BDA26D46}
		{3E568355-4B11-4725-8646-8485EBB0348A} = {02F542E8-E2BD-4070-812E-646CA9219E52}
		{06026362-283D-4FE0-B077-67F5882080F5} = {02F542E8-E2BD-4070-812E-646CA9219E52}
		{D2BAA763-B535-4DF3-9A53-866347AA6D34} = {02F542E8-E2BD-4070-812E-646CA9219E52}
	EndGlobalSection
	GlobalSection(ExtensibilityGlobals) = postSolution
		SolutionGuid = {4FF47020-DA8D-4683-8E5E-813E06A746AD}
	EndGlobalSection
EndGlobal
